
Microsoft Visual Studio Solution File, Format Version 12.00
# Visual Studio 14
VisualStudioVersion = 14.0.23107.0
MinimumVisualStudioVersion = 10.0.40219.1
Project("{FAE04EC0-301F-11D3-BF4B-00C04F79EFBC}") = "Locadora.UI", "Locadora.UI\Locadora.UI.csproj", "{EA123717-E735-4065-B4A9-5B45F4D4C6EB}"
EndProject
Project("{FAE04EC0-301F-11D3-BF4B-00C04F79EFBC}") = "Locadora.Dominio", "Locadora.Dominio\Locadora.Dominio.csproj", "{86FA8E90-DAA7-4D1E-93D0-C801DA63B40C}"
EndProject
Project("{FAE04EC0-301F-11D3-BF4B-00C04F79EFBC}") = "LocadoraTest", "LocadoraTest\LocadoraTest.csproj", "{DA451ED8-BFEE-44B4-80D5-8D88054DEFF1}"
EndProject
Project("{FAE04EC0-301F-11D3-BF4B-00C04F79EFBC}") = "Locadora.MVC", "Locadora.MVC\Locadora.MVC.csproj", "{CC278059-1EEE-426E-A17F-CE223DE3A3C5}"
EndProject
Global
	GlobalSection(SolutionConfigurationPlatforms) = preSolution
		Debug|Any CPU = Debug|Any CPU
		Release|Any CPU = Release|Any CPU
	EndGlobalSection
	GlobalSection(ProjectConfigurationPlatforms) = postSolution
		{EA123717-E735-4065-B4A9-5B45F4D4C6EB}.Debug|Any CPU.ActiveCfg = Debug|Any CPU
		{EA123717-E735-4065-B4A9-5B45F4D4C6EB}.Debug|Any CPU.Build.0 = Debug|Any CPU
		{EA123717-E735-4065-B4A9-5B45F4D4C6EB}.Release|Any CPU.ActiveCfg = Release|Any CPU
		{EA123717-E735-4065-B4A9-5B45F4D4C6EB}.Release|Any CPU.Build.0 = Release|Any CPU
		{86FA8E90-DAA7-4D1E-93D0-C801DA63B40C}.Debug|Any CPU.ActiveCfg = Debug|Any CPU
		{86FA8E90-DAA7-4D1E-93D0-C801DA63B40C}.Debug|Any CPU.Build.0 = Debug|Any CPU
		{86FA8E90-DAA7-4D1E-93D0-C801DA63B40C}.Release|Any CPU.ActiveCfg = Release|Any CPU
		{86FA8E90-DAA7-4D1E-93D0-C801DA63B40C}.Release|Any CPU.Build.0 = Release|Any CPU
		{DA451ED8-BFEE-44B4-80D5-8D88054DEFF1}.Debug|Any CPU.ActiveCfg = Debug|Any CPU
		{DA451ED8-BFEE-44B4-80D5-8D88054DEFF1}.Debug|Any CPU.Build.0 = Debug|Any CPU
		{DA451ED8-BFEE-44B4-80D5-8D88054DEFF1}.Release|Any CPU.ActiveCfg = Release|Any CPU
		{DA451ED8-BFEE-44B4-80D5-8D88054DEFF1}.Release|Any CPU.Build.0 = Release|Any CPU
		{CC278059-1EEE-426E-A17F-CE223DE3A3C5}.Debug|Any CPU.ActiveCfg = Debug|Any CPU
		{CC278059-1EEE-426E-A17F-CE223DE3A3C5}.Debug|Any CPU.Build.0 = Debug|Any CPU
		{CC278059-1EEE-426E-A17F-CE223DE3A3C5}.Release|Any CPU.ActiveCfg = Release|Any CPU
		{CC278059-1EEE-426E-A17F-CE223DE3A3C5}.Release|Any CPU.Build.0 = Release|Any CPU
	EndGlobalSection
	GlobalSection(SolutionProperties) = preSolution
		HideSolutionNode = FALSE
	EndGlobalSection
EndGlobal
